{
  "version": 4,
  "terraform_version": "1.10.2",
  "serial": 12,
  "lineage": "2f5ad6f1-81f6-5311-e70b-9067331d9c4b",
  "outputs": {},
  "resources": [
    {
      "mode": "managed",
      "type": "aws_s3_bucket",
      "name": "mangahay_s3_bucket",
      "provider": "provider[\"registry.terraform.io/hashicorp/aws\"]",
      "instances": [
        {
          "schema_version": 0,
          "attributes": {
            "acceleration_status": "",
            "acl": null,
            "arn": "arn:aws:s3:::mangahay",
            "bucket": "mangahay",
            "bucket_domain_name": "mangahay.s3.amazonaws.com",
            "bucket_prefix": "",
            "bucket_regional_domain_name": "mangahay.s3.us-east-1.amazonaws.com",
            "cors_rule": [],
            "force_destroy": false,
            "grant": [
              {
                "id": "75aa57f09aa0c8caeab4f8c24e99d10f8e7faeebf76c078efc7c6caea54ba06a",
                "permissions": [
                  "FULL_CONTROL"
                ],
                "type": "CanonicalUser",
                "uri": ""
              }
            ],
            "hosted_zone_id": "Z3AQBSTGFYJSTF",
            "id": "mangahay",
            "lifecycle_rule": [],
            "logging": [],
            "object_lock_configuration": [],
            "object_lock_enabled": false,
            "policy": "",
            "region": "us-east-1",
            "replication_configuration": [],
            "request_payer": "BucketOwner",
            "server_side_encryption_configuration": [
              {
                "rule": [
                  {
                    "apply_server_side_encryption_by_default": [
                      {
                        "kms_master_key_id": "",
                        "sse_algorithm": "AES256"
                      }
                    ],
                    "bucket_key_enabled": false
                  }
                ]
              }
            ],
            "tags": null,
            "tags_all": {},
            "timeouts": null,
            "versioning": [
              {
                "enabled": false,
                "mfa_delete": false
              }
            ],
            "website": [],
            "website_domain": null,
            "website_endpoint": null
          },
          "sensitive_attributes": [],
          "private": "eyJlMmJmYjczMC1lY2FhLTExZTYtOGY4OC0zNDM2M2JjN2M0YzAiOnsiY3JlYXRlIjoxMjAwMDAwMDAwMDAwLCJkZWxldGUiOjM2MDAwMDAwMDAwMDAsInJlYWQiOjEyMDAwMDAwMDAwMDAsInVwZGF0ZSI6MTIwMDAwMDAwMDAwMH19",
          "dependencies": [
            "docker_container.localstack_container",
            "docker_image.localstack_image",
            "docker_network.mangahay_network"
          ]
        }
      ]
    },
    {
      "mode": "managed",
      "type": "aws_s3_bucket_cors_configuration",
      "name": "mangahay_s3_bucket_cors_configuration",
      "provider": "provider[\"registry.terraform.io/hashicorp/aws\"]",
      "instances": [
        {
          "schema_version": 0,
          "attributes": {
            "bucket": "mangahay",
            "cors_rule": [
              {
                "allowed_headers": [
                  "*"
                ],
                "allowed_methods": [
                  "DELETE",
                  "POST",
                  "PUT"
                ],
                "allowed_origins": [
                  "http://127.0.0.1:3000",
                  "http://localhost:3000"
                ],
                "expose_headers": [
                  "ETag"
                ],
                "id": "",
                "max_age_seconds": 3000
              },
              {
                "allowed_headers": [],
                "allowed_methods": [
                  "GET"
                ],
                "allowed_origins": [
                  "http://127.0.0.1:3001",
                  "http://localhost:3001"
                ],
                "expose_headers": [],
                "id": "",
                "max_age_seconds": null
              }
            ],
            "expected_bucket_owner": "",
            "id": "mangahay"
          },
          "sensitive_attributes": [],
          "private": "bnVsbA==",
          "dependencies": [
            "aws_s3_bucket.mangahay_s3_bucket",
            "docker_container.localstack_container",
            "docker_image.localstack_image",
            "docker_network.mangahay_network"
          ]
        }
      ]
    },
    {
      "mode": "managed",
      "type": "docker_container",
      "name": "elasticsearch_container",
      "provider": "provider[\"registry.terraform.io/kreuzwerker/docker\"]",
      "instances": [
        {
          "schema_version": 2,
          "attributes": {
            "attach": false,
            "bridge": "",
            "capabilities": [],
            "cgroupns_mode": null,
            "command": [
              "eswrapper"
            ],
            "container_logs": null,
            "container_read_refresh_timeout_milliseconds": 15000,
            "cpu_set": "",
            "cpu_shares": 0,
            "destroy_grace_seconds": null,
            "devices": [],
            "dns": null,
            "dns_opts": null,
            "dns_search": null,
            "domainname": "",
            "entrypoint": [
              "/bin/tini",
              "--",
              "/usr/local/bin/docker-entrypoint.sh"
            ],
            "env": [
              "ELASTIC_PASSWORD=haotruong123",
              "ES_JAVA_OPTS=-Xms512m -Xmx512m",
              "bootstrap.memory_lock=true",
              "cluster.name=elk-stack-cluster",
              "discovery.type=single-node",
              "node.name=elasticsearch",
              "xpack.license.self_generated.type=basic",
              "xpack.security.enabled=true"
            ],
            "exit_code": null,
            "gpus": null,
            "group_add": null,
            "healthcheck": [
              {
                "interval": "30s",
                "retries": 3,
                "start_period": "5s",
                "test": [
                  "CMD-SHELL",
                  "curl -s -u elastic:haotruong123 http://elasticsearch:9200 | grep -q 'You Know, for Search' \u0026\u0026 curl -s -X POST -u elastic:haotruong123 -H 'Content-Type: application/json' http://elasticsearch:9200/_security/user/kibana_system/_password -d '{\"password\":\"haotruong123\"}' | grep -q '^{}'"
                ],
                "timeout": "10s"
              }
            ],
            "host": [],
            "hostname": "fa00f268a8f0",
            "id": "fa00f268a8f08f8f3718447c88aee225b8157868b7091a7d36bb44d96743d867",
            "image": "sha256:d0c5ac0a484de490f54b487c1e9793e2b5cbaee1444540111179c9abbb415b8e",
            "init": false,
            "ipc_mode": "private",
            "labels": [],
            "log_driver": "json-file",
            "log_opts": null,
            "logs": false,
            "max_retry_count": 0,
            "memory": 0,
            "memory_swap": 0,
            "mounts": [],
            "must_run": true,
            "name": "elasticsearch",
            "network_data": [
              {
                "gateway": "172.19.0.1",
                "global_ipv6_address": "",
                "global_ipv6_prefix_length": 0,
                "ip_address": "172.19.0.4",
                "ip_prefix_length": 16,
                "ipv6_gateway": "",
                "mac_address": "02:42:ac:13:00:04",
                "network_name": "mangahay_network"
              }
            ],
            "network_mode": "bridge",
            "networks_advanced": [
              {
                "aliases": [],
                "ipv4_address": "",
                "ipv6_address": "",
                "name": "0784c6df04683398d3b9ea1e7457bba574332d0ad7af5d1810393f6d19edaded"
              }
            ],
            "pid_mode": "",
            "ports": [
              {
                "external": 9200,
                "internal": 9200,
                "ip": "0.0.0.0",
                "protocol": "tcp"
              }
            ],
            "privileged": false,
            "publish_all_ports": false,
            "read_only": false,
            "remove_volumes": true,
            "restart": "no",
            "rm": false,
            "runtime": "runc",
            "security_opts": [],
            "shm_size": 64,
            "start": true,
            "stdin_open": false,
            "stop_signal": "",
            "stop_timeout": 0,
            "storage_opts": null,
            "sysctls": null,
            "tmpfs": null,
            "tty": false,
            "ulimit": [],
            "upload": [],
            "user": "1000:0",
            "userns_mode": "",
            "volumes": [
              {
                "container_path": "/usr/share/elasticsearch/data",
                "from_container": "",
                "host_path": "",
                "read_only": null,
                "volume_name": ""
              }
            ],
            "wait": false,
            "wait_timeout": 60,
            "working_dir": "/usr/share/elasticsearch"
          },
          "sensitive_attributes": [],
          "private": "eyJzY2hlbWFfdmVyc2lvbiI6IjIifQ==",
          "dependencies": [
            "docker_image.elasticsearch",
            "docker_network.mangahay_network"
          ]
        }
      ]
    },
    {
      "mode": "managed",
      "type": "docker_container",
      "name": "kibana_container",
      "provider": "provider[\"registry.terraform.io/kreuzwerker/docker\"]",
      "instances": [
        {
          "schema_version": 2,
          "attributes": {
            "attach": false,
            "bridge": "",
            "capabilities": [],
            "cgroupns_mode": null,
            "command": [
              "/usr/local/bin/kibana-docker"
            ],
            "container_logs": null,
            "container_read_refresh_timeout_milliseconds": 15000,
            "cpu_set": "",
            "cpu_shares": 0,
            "destroy_grace_seconds": null,
            "devices": [],
            "dns": null,
            "dns_opts": null,
            "dns_search": null,
            "domainname": "",
            "entrypoint": [
              "/bin/tini",
              "--"
            ],
            "env": [
              "ELASTICSEARCH_HOSTS=http://elasticsearch:9200",
              "ELASTICSEARCH_PASSWORD=haotruong123",
              "ELASTICSEARCH_USERNAME=kibana_system",
              "SERVERNAME=kibana"
            ],
            "exit_code": null,
            "gpus": null,
            "group_add": null,
            "healthcheck": [
              {
                "interval": "30s",
                "retries": 3,
                "start_period": "5s",
                "test": [
                  "CMD-SHELL",
                  "curl -s -u kibana_system:haotruong123 -I http://kibana:5601 | grep -q 'HTTP/1.1 200 OK'"
                ],
                "timeout": "10s"
              }
            ],
            "host": [],
            "hostname": "3e61d206f4dc",
            "id": "3e61d206f4dcb528e8f6dacb0c4535f1737ecfdf22f42d8519eb9be521089cfc",
            "image": "sha256:121114e1a76ef6131ec03e64f83799e72fb83aaaeb429c97c28acaf9ad886020",
            "init": false,
            "ipc_mode": "private",
            "labels": [],
            "log_driver": "json-file",
            "log_opts": null,
            "logs": false,
            "max_retry_count": 0,
            "memory": 0,
            "memory_swap": 0,
            "mounts": [],
            "must_run": true,
            "name": "kibana",
            "network_data": [
              {
                "gateway": "172.19.0.1",
                "global_ipv6_address": "",
                "global_ipv6_prefix_length": 0,
                "ip_address": "172.19.0.3",
                "ip_prefix_length": 16,
                "ipv6_gateway": "",
                "mac_address": "02:42:ac:13:00:03",
                "network_name": "mangahay_network"
              }
            ],
            "network_mode": "bridge",
            "networks_advanced": [
              {
                "aliases": [],
                "ipv4_address": "",
                "ipv6_address": "",
                "name": "0784c6df04683398d3b9ea1e7457bba574332d0ad7af5d1810393f6d19edaded"
              }
            ],
            "pid_mode": "",
            "ports": [
              {
                "external": 5601,
                "internal": 5601,
                "ip": "0.0.0.0",
                "protocol": "tcp"
              }
            ],
            "privileged": false,
            "publish_all_ports": false,
            "read_only": false,
            "remove_volumes": true,
            "restart": "no",
            "rm": false,
            "runtime": "runc",
            "security_opts": [],
            "shm_size": 64,
            "start": true,
            "stdin_open": false,
            "stop_signal": "",
            "stop_timeout": 0,
            "storage_opts": null,
            "sysctls": null,
            "tmpfs": null,
            "tty": false,
            "ulimit": [],
            "upload": [],
            "user": "1000",
            "userns_mode": "",
            "volumes": [
              {
                "container_path": "/usr/share/kibana/data",
                "from_container": "",
                "host_path": "",
                "read_only": null,
                "volume_name": ""
              }
            ],
            "wait": false,
            "wait_timeout": 60,
            "working_dir": "/usr/share/kibana"
          },
          "sensitive_attributes": [],
          "private": "eyJzY2hlbWFfdmVyc2lvbiI6IjIifQ==",
          "dependencies": [
            "docker_image.elasticsearch",
            "docker_image.kibana",
            "docker_network.mangahay_network"
          ]
        }
      ]
    },
    {
      "mode": "managed",
      "type": "docker_container",
      "name": "localstack_container",
      "provider": "provider[\"registry.terraform.io/kreuzwerker/docker\"]",
      "instances": [
        {
          "schema_version": 2,
          "attributes": {
            "attach": false,
            "bridge": "",
            "capabilities": [],
            "cgroupns_mode": null,
            "command": [],
            "container_logs": null,
            "container_read_refresh_timeout_milliseconds": 15000,
            "cpu_set": "",
            "cpu_shares": 0,
            "destroy_grace_seconds": null,
            "devices": [],
            "dns": null,
            "dns_opts": null,
            "dns_search": null,
            "domainname": "",
            "entrypoint": [
              "docker-entrypoint.sh"
            ],
            "env": [
              "DEBUG=1",
              "DEFAULT_REGION=us-east-1",
              "EDGE_PORT=4566",
              "SERVICES=s3,lambda"
            ],
            "exit_code": null,
            "gpus": null,
            "group_add": null,
            "healthcheck": [
              {
                "interval": "30s",
                "retries": 3,
                "start_period": "5s",
                "test": [
                  "CMD-SHELL",
                  "curl -f http://localhost:4566/_localstack/health || exit 1"
                ],
                "timeout": "10s"
              }
            ],
            "host": [],
            "hostname": "acec9c875818",
            "id": "acec9c875818c9b1efbef3ec78b43680ae7d04f4cb2b24a323e6bd580e67b962",
            "image": "sha256:cf4b8b98da4640b73536386d1555a1f68bb6c4f7181a0c985a758acbde0d36a2",
            "init": false,
            "ipc_mode": "private",
            "labels": [],
            "log_driver": "json-file",
            "log_opts": null,
            "logs": false,
            "max_retry_count": 0,
            "memory": 0,
            "memory_swap": 0,
            "mounts": [],
            "must_run": true,
            "name": "localstack",
            "network_data": [
              {
                "gateway": "172.19.0.1",
                "global_ipv6_address": "",
                "global_ipv6_prefix_length": 0,
                "ip_address": "172.19.0.5",
                "ip_prefix_length": 16,
                "ipv6_gateway": "",
                "mac_address": "02:42:ac:13:00:05",
                "network_name": "mangahay_network"
              }
            ],
            "network_mode": "bridge",
            "networks_advanced": [
              {
                "aliases": [],
                "ipv4_address": "",
                "ipv6_address": "",
                "name": "0784c6df04683398d3b9ea1e7457bba574332d0ad7af5d1810393f6d19edaded"
              }
            ],
            "pid_mode": "",
            "ports": [
              {
                "external": 4566,
                "internal": 4566,
                "ip": "0.0.0.0",
                "protocol": "tcp"
              }
            ],
            "privileged": false,
            "publish_all_ports": false,
            "read_only": false,
            "remove_volumes": true,
            "restart": "no",
            "rm": false,
            "runtime": "runc",
            "security_opts": [],
            "shm_size": 64,
            "start": true,
            "stdin_open": false,
            "stop_signal": "",
            "stop_timeout": 0,
            "storage_opts": null,
            "sysctls": null,
            "tmpfs": null,
            "tty": false,
            "ulimit": [],
            "upload": [],
            "user": "",
            "userns_mode": "",
            "volumes": [
              {
                "container_path": "/usr/share/localstack/data",
                "from_container": "",
                "host_path": "",
                "read_only": null,
                "volume_name": ""
              }
            ],
            "wait": false,
            "wait_timeout": 60,
            "working_dir": "/opt/code/localstack/"
          },
          "sensitive_attributes": [],
          "private": "eyJzY2hlbWFfdmVyc2lvbiI6IjIifQ==",
          "dependencies": [
            "docker_image.localstack_image",
            "docker_network.mangahay_network"
          ]
        }
      ]
    },
    {
      "mode": "managed",
      "type": "docker_container",
      "name": "redis_container",
      "provider": "provider[\"registry.terraform.io/kreuzwerker/docker\"]",
      "instances": [
        {
          "schema_version": 2,
          "attributes": {
            "attach": false,
            "bridge": "",
            "capabilities": [],
            "cgroupns_mode": null,
            "command": [
              "redis-server"
            ],
            "container_logs": null,
            "container_read_refresh_timeout_milliseconds": 15000,
            "cpu_set": "",
            "cpu_shares": 0,
            "destroy_grace_seconds": null,
            "devices": [],
            "dns": null,
            "dns_opts": null,
            "dns_search": null,
            "domainname": "",
            "entrypoint": [
              "docker-entrypoint.sh"
            ],
            "env": [],
            "exit_code": null,
            "gpus": null,
            "group_add": null,
            "healthcheck": [
              {
                "interval": "30s",
                "retries": 3,
                "start_period": "5s",
                "test": [
                  "CMD",
                  "bash",
                  "-c",
                  "echo PING | nc localhost 6379"
                ],
                "timeout": "10s"
              }
            ],
            "host": [],
            "hostname": "4ab5caec7ead",
            "id": "4ab5caec7eadba3db531ef81db0aa826c666292f07887827bf25e214900c9a34",
            "image": "sha256:81a1c8ed1e255a4de9a329a869345235578ba10b98c1f32f377a6de3fc62ff3b",
            "init": false,
            "ipc_mode": "private",
            "labels": [],
            "log_driver": "json-file",
            "log_opts": null,
            "logs": false,
            "max_retry_count": 0,
            "memory": 0,
            "memory_swap": 0,
            "mounts": [],
            "must_run": true,
            "name": "redis",
            "network_data": [
              {
                "gateway": "172.19.0.1",
                "global_ipv6_address": "",
                "global_ipv6_prefix_length": 0,
                "ip_address": "172.19.0.2",
                "ip_prefix_length": 16,
                "ipv6_gateway": "",
                "mac_address": "02:42:ac:13:00:02",
                "network_name": "mangahay_network"
              }
            ],
            "network_mode": "bridge",
            "networks_advanced": [
              {
                "aliases": [],
                "ipv4_address": "",
                "ipv6_address": "",
                "name": "0784c6df04683398d3b9ea1e7457bba574332d0ad7af5d1810393f6d19edaded"
              }
            ],
            "pid_mode": "",
            "ports": [
              {
                "external": 6379,
                "internal": 6379,
                "ip": "0.0.0.0",
                "protocol": "tcp"
              }
            ],
            "privileged": false,
            "publish_all_ports": false,
            "read_only": false,
            "remove_volumes": true,
            "restart": "no",
            "rm": false,
            "runtime": "runc",
            "security_opts": [],
            "shm_size": 64,
            "start": true,
            "stdin_open": false,
            "stop_signal": "",
            "stop_timeout": 0,
            "storage_opts": null,
            "sysctls": null,
            "tmpfs": null,
            "tty": false,
            "ulimit": [],
            "upload": [],
            "user": "",
            "userns_mode": "",
            "volumes": [
              {
                "container_path": "/usr/share/redis/data",
                "from_container": "",
                "host_path": "",
                "read_only": null,
                "volume_name": ""
              }
            ],
            "wait": false,
            "wait_timeout": 60,
            "working_dir": "/data"
          },
          "sensitive_attributes": [],
          "private": "eyJzY2hlbWFfdmVyc2lvbiI6IjIifQ==",
          "dependencies": [
            "docker_image.redis",
            "docker_network.mangahay_network"
          ]
        }
      ]
    },
    {
      "mode": "managed",
      "type": "docker_image",
      "name": "elasticsearch",
      "provider": "provider[\"registry.terraform.io/kreuzwerker/docker\"]",
      "instances": [
        {
          "schema_version": 0,
          "attributes": {
            "build": [],
            "force_remove": null,
            "id": "sha256:d0c5ac0a484de490f54b487c1e9793e2b5cbaee1444540111179c9abbb415b8edocker.elastic.co/elasticsearch/elasticsearch:8.15.0",
            "image_id": "sha256:d0c5ac0a484de490f54b487c1e9793e2b5cbaee1444540111179c9abbb415b8e",
            "keep_locally": null,
            "name": "docker.elastic.co/elasticsearch/elasticsearch:8.15.0",
            "platform": null,
            "pull_triggers": null,
            "repo_digest": "docker.elastic.co/elasticsearch/elasticsearch@sha256:84a73ced8390c059e7bc2858595c68dc36e6f8bdb98895dcab0074eda35ac96e",
            "triggers": null
          },
          "sensitive_attributes": [],
          "private": "bnVsbA=="
        }
      ]
    },
    {
      "mode": "managed",
      "type": "docker_image",
      "name": "kibana",
      "provider": "provider[\"registry.terraform.io/kreuzwerker/docker\"]",
      "instances": [
        {
          "schema_version": 0,
          "attributes": {
            "build": [],
            "force_remove": null,
            "id": "sha256:121114e1a76ef6131ec03e64f83799e72fb83aaaeb429c97c28acaf9ad886020docker.elastic.co/kibana/kibana:8.15.0",
            "image_id": "sha256:121114e1a76ef6131ec03e64f83799e72fb83aaaeb429c97c28acaf9ad886020",
            "keep_locally": null,
            "name": "docker.elastic.co/kibana/kibana:8.15.0",
            "platform": null,
            "pull_triggers": null,
            "repo_digest": "docker.elastic.co/kibana/kibana@sha256:ff5f6b9a49f410658b74b337b102c302bbeb52b470efe1f0e3af3c7526fbe0e7",
            "triggers": null
          },
          "sensitive_attributes": [],
          "private": "bnVsbA=="
        }
      ]
    },
    {
      "mode": "managed",
      "type": "docker_image",
      "name": "localstack_image",
      "provider": "provider[\"registry.terraform.io/kreuzwerker/docker\"]",
      "instances": [
        {
          "schema_version": 0,
          "attributes": {
            "build": [],
            "force_remove": null,
            "id": "sha256:cf4b8b98da4640b73536386d1555a1f68bb6c4f7181a0c985a758acbde0d36a2localstack/localstack:latest",
            "image_id": "sha256:cf4b8b98da4640b73536386d1555a1f68bb6c4f7181a0c985a758acbde0d36a2",
            "keep_locally": null,
            "name": "localstack/localstack:latest",
            "platform": null,
            "pull_triggers": null,
            "repo_digest": "localstack/localstack@sha256:855f56889040917ae222674752757869c50c659b0fd9cdadaab034d156e9321c",
            "triggers": null
          },
          "sensitive_attributes": [],
          "private": "bnVsbA=="
        }
      ]
    },
    {
      "mode": "managed",
      "type": "docker_image",
      "name": "redis",
      "provider": "provider[\"registry.terraform.io/kreuzwerker/docker\"]",
      "instances": [
        {
          "schema_version": 0,
          "attributes": {
            "build": [],
            "force_remove": null,
            "id": "sha256:81a1c8ed1e255a4de9a329a869345235578ba10b98c1f32f377a6de3fc62ff3bdocker.io/redis:latest",
            "image_id": "sha256:81a1c8ed1e255a4de9a329a869345235578ba10b98c1f32f377a6de3fc62ff3b",
            "keep_locally": null,
            "name": "docker.io/redis:latest",
            "platform": null,
            "pull_triggers": null,
            "repo_digest": "redis@sha256:cd13b924409d740ea8abe6677a7d1accf696898408d330a3d7c8234fa7545775",
            "triggers": null
          },
          "sensitive_attributes": [],
          "private": "bnVsbA=="
        }
      ]
    },
    {
      "mode": "managed",
      "type": "docker_network",
      "name": "mangahay_network",
      "provider": "provider[\"registry.terraform.io/kreuzwerker/docker\"]",
      "instances": [
        {
          "schema_version": 1,
          "attributes": {
            "attachable": false,
            "check_duplicate": null,
            "driver": "bridge",
            "id": "0784c6df04683398d3b9ea1e7457bba574332d0ad7af5d1810393f6d19edaded",
            "ingress": false,
            "internal": false,
            "ipam_config": [
              {
                "aux_address": {},
                "gateway": "172.19.0.1",
                "ip_range": "",
                "subnet": "172.19.0.0/16"
              }
            ],
            "ipam_driver": "default",
            "ipam_options": null,
            "ipv6": false,
            "labels": [],
            "name": "mangahay_network",
            "options": {},
            "scope": "local"
          },
          "sensitive_attributes": [],
          "private": "eyJzY2hlbWFfdmVyc2lvbiI6IjEifQ=="
        }
      ]
    }
  ],
  "check_results": null
}
